
Microsoft Visual Studio Solution File, Format Version 12.00
# Visual Studio Version 16
VisualStudioVersion = 16.0.28803.452
MinimumVisualStudioVersion = 10.0.40219.1
Project("{FAE04EC0-301F-11D3-BF4B-00C04F79EFBC}") = "odt2pdf", "odt2pdf\odt2pdf.csproj", "{54E069E1-2F01-4173-95E2-4C5A66F6963B}"
EndProject
Project("{9A19103F-16F7-4668-BE54-9A1E7A4F7556}") = "DocuLib", "DocuLib\DocuLib.csproj", "{50923970-80E7-441E-9D54-579076BFBC46}"
EndProject
Project("{FAE04EC0-301F-11D3-BF4B-00C04F79EFBC}") = "InspectSignatures", "InspectSignatures\InspectSignatures.csproj", "{D534C850-D835-4C42-A33B-D31A1292F631}"
EndProject
Project("{FAE04EC0-301F-11D3-BF4B-00C04F79EFBC}") = "TextPdfLib", "TextPdfLib\TextPdfLib.csproj", "{197578EE-E49D-4438-8261-70076923789F}"
EndProject
Global
	GlobalSection(SolutionConfigurationPlatforms) = preSolution
		Debug|Any CPU = Debug|Any CPU
		Release|Any CPU = Release|Any CPU
	EndGlobalSection
	GlobalSection(ProjectConfigurationPlatforms) = postSolution
		{54E069E1-2F01-4173-95E2-4C5A66F6963B}.Debug|Any CPU.ActiveCfg = Debug|Any CPU
		{54E069E1-2F01-4173-95E2-4C5A66F6963B}.Debug|Any CPU.Build.0 = Debug|Any CPU
		{54E069E1-2F01-4173-95E2-4C5A66F6963B}.Release|Any CPU.ActiveCfg = Release|Any CPU
		{54E069E1-2F01-4173-95E2-4C5A66F6963B}.Release|Any CPU.Build.0 = Release|Any CPU
		{50923970-80E7-441E-9D54-579076BFBC46}.Debug|Any CPU.ActiveCfg = Debug|Any CPU
		{50923970-80E7-441E-9D54-579076BFBC46}.Debug|Any CPU.Build.0 = Debug|Any CPU
		{50923970-80E7-441E-9D54-579076BFBC46}.Release|Any CPU.ActiveCfg = Release|Any CPU
		{50923970-80E7-441E-9D54-579076BFBC46}.Release|Any CPU.Build.0 = Release|Any CPU
		{D534C850-D835-4C42-A33B-D31A1292F631}.Debug|Any CPU.ActiveCfg = Debug|Any CPU
		{D534C850-D835-4C42-A33B-D31A1292F631}.Debug|Any CPU.Build.0 = Debug|Any CPU
		{D534C850-D835-4C42-A33B-D31A1292F631}.Release|Any CPU.ActiveCfg = Release|Any CPU
		{D534C850-D835-4C42-A33B-D31A1292F631}.Release|Any CPU.Build.0 = Release|Any CPU
		{197578EE-E49D-4438-8261-70076923789F}.Debug|Any CPU.ActiveCfg = Debug|Any CPU
		{197578EE-E49D-4438-8261-70076923789F}.Debug|Any CPU.Build.0 = Debug|Any CPU
		{197578EE-E49D-4438-8261-70076923789F}.Release|Any CPU.ActiveCfg = Release|Any CPU
		{197578EE-E49D-4438-8261-70076923789F}.Release|Any CPU.Build.0 = Release|Any CPU
	EndGlobalSection
	GlobalSection(SolutionProperties) = preSolution
		HideSolutionNode = FALSE
	EndGlobalSection
	GlobalSection(ExtensibilityGlobals) = postSolution
		SolutionGuid = {4783BC7E-3CB9-4871-B73A-017C479D127A}
	EndGlobalSection
EndGlobal
